
Microsoft Visual Studio Solution File, Format Version 12.00
# Visual Studio Version 16
VisualStudioVersion = 16.0.31911.196
MinimumVisualStudioVersion = 10.0.40219.1
Project("{9A19103F-16F7-4668-BE54-9A1E7A4F7556}") = "WebApplication3", "WebApplication3\WebApplication3.csproj", "{C1A0847E-C7E7-45DD-A9EF-0E99F5336C37}"
EndProject
Global
	GlobalSection(SolutionConfigurationPlatforms) = preSolution
		Debug|Any CPU = Debug|Any CPU
		Release|Any CPU = Release|Any CPU
	EndGlobalSection
	GlobalSection(ProjectConfigurationPlatforms) = postSolution
		{C1A0847E-C7E7-45DD-A9EF-0E99F5336C37}.Debug|Any CPU.ActiveCfg = Debug|Any CPU
		{C1A0847E-C7E7-45DD-A9EF-0E99F5336C37}.Debug|Any CPU.Build.0 = Debug|Any CPU
		{C1A0847E-C7E7-45DD-A9EF-0E99F5336C37}.Release|Any CPU.ActiveCfg = Release|Any CPU
		{C1A0847E-C7E7-45DD-A9EF-0E99F5336C37}.Release|Any CPU.Build.0 = Release|Any CPU
	EndGlobalSection
	GlobalSection(SolutionProperties) = preSolution
		HideSolutionNode = FALSE
	EndGlobalSection
	GlobalSection(ExtensibilityGlobals) = postSolution
		SolutionGuid = {5F852898-D801-4009-BAA7-7BC477C4A8F9}
	EndGlobalSection
EndGlobal
